// !$*UTF8*$!
{
	archiveVersion = 1;
	classes = {
	};
	objectVersion = 50;
	objects = {

/* Begin PBXBuildFile section */
		18F84E05A5C84514C1F416DF /* Pods_NinjaPoll.framework in Frameworks */ = {isa = PBXBuildFile; fileRef = D38BA323F510FCDE392BD705 /* Pods_NinjaPoll.framework */; };
		575030C02080E0140091025B /* UITextField+Extensions.swift in Sources */ = {isa = PBXBuildFile; fileRef = 575030BF2080E0140091025B /* UITextField+Extensions.swift */; };
		5758D4B8207F4E64008402E7 /* GoogleService-Info.plist in Resources */ = {isa = PBXBuildFile; fileRef = 5758D4B7207F4E64008402E7 /* GoogleService-Info.plist */; };
		5765FC3A207F8EBA00D2204D /* SourceSansPro-BlackItalic.ttf in Resources */ = {isa = PBXBuildFile; fileRef = 5765FC2D207F8EBA00D2204D /* SourceSansPro-BlackItalic.ttf */; };
		5765FC3B207F8EBA00D2204D /* SourceSansPro-SemiBoldItalic.ttf in Resources */ = {isa = PBXBuildFile; fileRef = 5765FC2E207F8EBA00D2204D /* SourceSansPro-SemiBoldItalic.ttf */; };
		5765FC3C207F8EBA00D2204D /* SourceSansPro-Regular.ttf in Resources */ = {isa = PBXBuildFile; fileRef = 5765FC2F207F8EBA00D2204D /* SourceSansPro-Regular.ttf */; };
		5765FC3D207F8EBA00D2204D /* SourceSansPro-Bold.ttf in Resources */ = {isa = PBXBuildFile; fileRef = 5765FC30207F8EBA00D2204D /* SourceSansPro-Bold.ttf */; };
		5765FC3E207F8EBA00D2204D /* SourceSansPro-LightItalic.ttf in Resources */ = {isa = PBXBuildFile; fileRef = 5765FC31207F8EBA00D2204D /* SourceSansPro-LightItalic.ttf */; };
		5765FC3F207F8EBA00D2204D /* SourceSansPro-Light.ttf in Resources */ = {isa = PBXBuildFile; fileRef = 5765FC32207F8EBA00D2204D /* SourceSansPro-Light.ttf */; };
		5765FC40207F8EBA00D2204D /* SourceSansPro-Black.ttf in Resources */ = {isa = PBXBuildFile; fileRef = 5765FC33207F8EBA00D2204D /* SourceSansPro-Black.ttf */; };
		5765FC42207F8EBA00D2204D /* SourceSansPro-ExtraLight.ttf in Resources */ = {isa = PBXBuildFile; fileRef = 5765FC35207F8EBA00D2204D /* SourceSansPro-ExtraLight.ttf */; };
		5765FC43207F8EBA00D2204D /* SourceSansPro-BoldItalic.ttf in Resources */ = {isa = PBXBuildFile; fileRef = 5765FC36207F8EBA00D2204D /* SourceSansPro-BoldItalic.ttf */; };
		5765FC44207F8EBA00D2204D /* SourceSansPro-SemiBold.ttf in Resources */ = {isa = PBXBuildFile; fileRef = 5765FC37207F8EBA00D2204D /* SourceSansPro-SemiBold.ttf */; };
		5765FC45207F8EBA00D2204D /* SourceSansPro-ExtraLightItalic.ttf in Resources */ = {isa = PBXBuildFile; fileRef = 5765FC38207F8EBA00D2204D /* SourceSansPro-ExtraLightItalic.ttf */; };
		5765FC46207F8EBA00D2204D /* SourceSansPro-Italic.ttf in Resources */ = {isa = PBXBuildFile; fileRef = 5765FC39207F8EBA00D2204D /* SourceSansPro-Italic.ttf */; };
		5765FC49207F90FE00D2204D /* ViewHelper.swift in Sources */ = {isa = PBXBuildFile; fileRef = 5765FC48207F90FE00D2204D /* ViewHelper.swift */; };
		578FA5EA207E0925006F1624 /* AppDelegate.swift in Sources */ = {isa = PBXBuildFile; fileRef = 578FA5E9207E0925006F1624 /* AppDelegate.swift */; };
		578FA5EC207E0925006F1624 /* SignInViewController.swift in Sources */ = {isa = PBXBuildFile; fileRef = 578FA5EB207E0925006F1624 /* SignInViewController.swift */; };
		578FA5EF207E0925006F1624 /* Main.storyboard in Resources */ = {isa = PBXBuildFile; fileRef = 578FA5ED207E0925006F1624 /* Main.storyboard */; };
		578FA5F1207E0927006F1624 /* Assets.xcassets in Resources */ = {isa = PBXBuildFile; fileRef = 578FA5F0207E0927006F1624 /* Assets.xcassets */; };
		578FA5F4207E0927006F1624 /* LaunchScreen.storyboard in Resources */ = {isa = PBXBuildFile; fileRef = 578FA5F2207E0927006F1624 /* LaunchScreen.storyboard */; };
		57AF9EC8207F537900358D74 /* Amaranth-BoldItalic.ttf in Resources */ = {isa = PBXBuildFile; fileRef = 57AF9EC3207F537900358D74 /* Amaranth-BoldItalic.ttf */; };
		57AF9EC9207F537900358D74 /* Amaranth-Bold.ttf in Resources */ = {isa = PBXBuildFile; fileRef = 57AF9EC4207F537900358D74 /* Amaranth-Bold.ttf */; };
		57AF9ECA207F537900358D74 /* Amaranth-Italic.ttf in Resources */ = {isa = PBXBuildFile; fileRef = 57AF9EC5207F537900358D74 /* Amaranth-Italic.ttf */; };
		57AF9ECC207F537900358D74 /* Amaranth-Regular.ttf in Resources */ = {isa = PBXBuildFile; fileRef = 57AF9EC7207F537900358D74 /* Amaranth-Regular.ttf */; };
/* End PBXBuildFile section */

/* Begin PBXFileReference section */
		575030BF2080E0140091025B /* UITextField+Extensions.swift */ = {isa = PBXFileReference; lastKnownFileType = sourcecode.swift; path = "UITextField+Extensions.swift"; sourceTree = "<group>"; };
		5758D4B7207F4E64008402E7 /* GoogleService-Info.plist */ = {isa = PBXFileReference; fileEncoding = 4; lastKnownFileType = text.plist.xml; path = "GoogleService-Info.plist"; sourceTree = "<group>"; };
		5765FC2D207F8EBA00D2204D /* SourceSansPro-BlackItalic.ttf */ = {isa = PBXFileReference; lastKnownFileType = file; path = "SourceSansPro-BlackItalic.ttf"; sourceTree = "<group>"; };
		5765FC2E207F8EBA00D2204D /* SourceSansPro-SemiBoldItalic.ttf */ = {isa = PBXFileReference; lastKnownFileType = file; path = "SourceSansPro-SemiBoldItalic.ttf"; sourceTree = "<group>"; };
		5765FC2F207F8EBA00D2204D /* SourceSansPro-Regular.ttf */ = {isa = PBXFileReference; lastKnownFileType = file; path = "SourceSansPro-Regular.ttf"; sourceTree = "<group>"; };
		5765FC30207F8EBA00D2204D /* SourceSansPro-Bold.ttf */ = {isa = PBXFileReference; lastKnownFileType = file; path = "SourceSansPro-Bold.ttf"; sourceTree = "<group>"; };
		5765FC31207F8EBA00D2204D /* SourceSansPro-LightItalic.ttf */ = {isa = PBXFileReference; lastKnownFileType = file; path = "SourceSansPro-LightItalic.ttf"; sourceTree = "<group>"; };
		5765FC32207F8EBA00D2204D /* SourceSansPro-Light.ttf */ = {isa = PBXFileReference; lastKnownFileType = file; path = "SourceSansPro-Light.ttf"; sourceTree = "<group>"; };
		5765FC33207F8EBA00D2204D /* SourceSansPro-Black.ttf */ = {isa = PBXFileReference; lastKnownFileType = file; path = "SourceSansPro-Black.ttf"; sourceTree = "<group>"; };
		5765FC34207F8EBA00D2204D /* OFL.txt */ = {isa = PBXFileReference; fileEncoding = 4; lastKnownFileType = text; path = OFL.txt; sourceTree = "<group>"; };
		5765FC35207F8EBA00D2204D /* SourceSansPro-ExtraLight.ttf */ = {isa = PBXFileReference; lastKnownFileType = file; path = "SourceSansPro-ExtraLight.ttf"; sourceTree = "<group>"; };
		5765FC36207F8EBA00D2204D /* SourceSansPro-BoldItalic.ttf */ = {isa = PBXFileReference; lastKnownFileType = file; path = "SourceSansPro-BoldItalic.ttf"; sourceTree = "<group>"; };
		5765FC37207F8EBA00D2204D /* SourceSansPro-SemiBold.ttf */ = {isa = PBXFileReference; lastKnownFileType = file; path = "SourceSansPro-SemiBold.ttf"; sourceTree = "<group>"; };
		5765FC38207F8EBA00D2204D /* SourceSansPro-ExtraLightItalic.ttf */ = {isa = PBXFileReference; lastKnownFileType = file; path = "SourceSansPro-ExtraLightItalic.ttf"; sourceTree = "<group>"; };
		5765FC39207F8EBA00D2204D /* SourceSansPro-Italic.ttf */ = {isa = PBXFileReference; lastKnownFileType = file; path = "SourceSansPro-Italic.ttf"; sourceTree = "<group>"; };
		5765FC48207F90FE00D2204D /* ViewHelper.swift */ = {isa = PBXFileReference; lastKnownFileType = sourcecode.swift; path = ViewHelper.swift; sourceTree = "<group>"; };
		578FA5E6207E0925006F1624 /* NinjaPoll.app */ = {isa = PBXFileReference; explicitFileType = wrapper.application; includeInIndex = 0; path = NinjaPoll.app; sourceTree = BUILT_PRODUCTS_DIR; };
		578FA5E9207E0925006F1624 /* AppDelegate.swift */ = {isa = PBXFileReference; lastKnownFileType = sourcecode.swift; path = AppDelegate.swift; sourceTree = "<group>"; };
		578FA5EB207E0925006F1624 /* SignInViewController.swift */ = {isa = PBXFileReference; lastKnownFileType = sourcecode.swift; path = SignInViewController.swift; sourceTree = "<group>"; };
		578FA5EE207E0925006F1624 /* Base */ = {isa = PBXFileReference; lastKnownFileType = file.storyboard; name = Base; path = Base.lproj/Main.storyboard; sourceTree = "<group>"; };
		578FA5F0207E0927006F1624 /* Assets.xcassets */ = {isa = PBXFileReference; lastKnownFileType = folder.assetcatalog; path = Assets.xcassets; sourceTree = "<group>"; };
		578FA5F3207E0927006F1624 /* Base */ = {isa = PBXFileReference; lastKnownFileType = file.storyboard; name = Base; path = Base.lproj/LaunchScreen.storyboard; sourceTree = "<group>"; };
		578FA5F5207E0927006F1624 /* Info.plist */ = {isa = PBXFileReference; lastKnownFileType = text.plist.xml; path = Info.plist; sourceTree = "<group>"; };
		57AF9EC3207F537900358D74 /* Amaranth-BoldItalic.ttf */ = {isa = PBXFileReference; lastKnownFileType = file; path = "Amaranth-BoldItalic.ttf"; sourceTree = "<group>"; };
		57AF9EC4207F537900358D74 /* Amaranth-Bold.ttf */ = {isa = PBXFileReference; lastKnownFileType = file; path = "Amaranth-Bold.ttf"; sourceTree = "<group>"; };
		57AF9EC5207F537900358D74 /* Amaranth-Italic.ttf */ = {isa = PBXFileReference; lastKnownFileType = file; path = "Amaranth-Italic.ttf"; sourceTree = "<group>"; };
		57AF9EC6207F537900358D74 /* OFL.txt */ = {isa = PBXFileReference; fileEncoding = 4; lastKnownFileType = text; path = OFL.txt; sourceTree = "<group>"; };
		57AF9EC7207F537900358D74 /* Amaranth-Regular.ttf */ = {isa = PBXFileReference; lastKnownFileType = file; path = "Amaranth-Regular.ttf"; sourceTree = "<group>"; };
		57D4885C207FA09400CFA0C8 /* NinjaPoll.entitlements */ = {isa = PBXFileReference; lastKnownFileType = text.plist.entitlements; path = NinjaPoll.entitlements; sourceTree = "<group>"; };
		C73AE2B1701BEE996516F3FE /* Pods-NinjaPoll.debug.xcconfig */ = {isa = PBXFileReference; includeInIndex = 1; lastKnownFileType = text.xcconfig; name = "Pods-NinjaPoll.debug.xcconfig"; path = "Pods/Target Support Files/Pods-NinjaPoll/Pods-NinjaPoll.debug.xcconfig"; sourceTree = "<group>"; };
		D38BA323F510FCDE392BD705 /* Pods_NinjaPoll.framework */ = {isa = PBXFileReference; explicitFileType = wrapper.framework; includeInIndex = 0; path = Pods_NinjaPoll.framework; sourceTree = BUILT_PRODUCTS_DIR; };
		ED123F838423D5A4C5BE31E4 /* Pods-NinjaPoll.release.xcconfig */ = {isa = PBXFileReference; includeInIndex = 1; lastKnownFileType = text.xcconfig; name = "Pods-NinjaPoll.release.xcconfig"; path = "Pods/Target Support Files/Pods-NinjaPoll/Pods-NinjaPoll.release.xcconfig"; sourceTree = "<group>"; };
/* End PBXFileReference section */

/* Begin PBXFrameworksBuildPhase section */
		578FA5E3207E0925006F1624 /* Frameworks */ = {
			isa = PBXFrameworksBuildPhase;
			buildActionMask = 2147483647;
			files = (
				18F84E05A5C84514C1F416DF /* Pods_NinjaPoll.framework in Frameworks */,
			);
			runOnlyForDeploymentPostprocessing = 0;
		};
/* End PBXFrameworksBuildPhase section */

/* Begin PBXGroup section */
		2F0A5941CF05DF29D9875124 /* Frameworks */ = {
			isa = PBXGroup;
			children = (
				D38BA323F510FCDE392BD705 /* Pods_NinjaPoll.framework */,
			);
			name = Frameworks;
			sourceTree = "<group>";
		};
		575030BE2080DFE70091025B /* extensions */ = {
			isa = PBXGroup;
			children = (
				575030BF2080E0140091025B /* UITextField+Extensions.swift */,
			);
			path = extensions;
			sourceTree = "<group>";
		};
		5765FC2C207F8EBA00D2204D /* Source_Sans_Pro */ = {
			isa = PBXGroup;
			children = (
				5765FC2D207F8EBA00D2204D /* SourceSansPro-BlackItalic.ttf */,
				5765FC2E207F8EBA00D2204D /* SourceSansPro-SemiBoldItalic.ttf */,
				5765FC2F207F8EBA00D2204D /* SourceSansPro-Regular.ttf */,
				5765FC30207F8EBA00D2204D /* SourceSansPro-Bold.ttf */,
				5765FC31207F8EBA00D2204D /* SourceSansPro-LightItalic.ttf */,
				5765FC32207F8EBA00D2204D /* SourceSansPro-Light.ttf */,
				5765FC33207F8EBA00D2204D /* SourceSansPro-Black.ttf */,
				5765FC34207F8EBA00D2204D /* OFL.txt */,
				5765FC35207F8EBA00D2204D /* SourceSansPro-ExtraLight.ttf */,
				5765FC36207F8EBA00D2204D /* SourceSansPro-BoldItalic.ttf */,
				5765FC37207F8EBA00D2204D /* SourceSansPro-SemiBold.ttf */,
				5765FC38207F8EBA00D2204D /* SourceSansPro-ExtraLightItalic.ttf */,
				5765FC39207F8EBA00D2204D /* SourceSansPro-Italic.ttf */,
			);
			path = Source_Sans_Pro;
			sourceTree = "<group>";
		};
		5765FC47207F90EF00D2204D /* Helper */ = {
			isa = PBXGroup;
			children = (
				5765FC48207F90FE00D2204D /* ViewHelper.swift */,
			);
			path = Helper;
			sourceTree = "<group>";
		};
		578FA5DD207E0925006F1624 = {
			isa = PBXGroup;
			children = (
				578FA5E8207E0925006F1624 /* NinjaPoll */,
				578FA5E7207E0925006F1624 /* Products */,
				78DE77E5C1F7E1FC2002AD15 /* Pods */,
				2F0A5941CF05DF29D9875124 /* Frameworks */,
			);
			sourceTree = "<group>";
		};
		578FA5E7207E0925006F1624 /* Products */ = {
			isa = PBXGroup;
			children = (
				578FA5E6207E0925006F1624 /* NinjaPoll.app */,
			);
			name = Products;
			sourceTree = "<group>";
		};
		578FA5E8207E0925006F1624 /* NinjaPoll */ = {
			isa = PBXGroup;
			children = (
				575030BE2080DFE70091025B /* extensions */,
				57D4885C207FA09400CFA0C8 /* NinjaPoll.entitlements */,
				5765FC47207F90EF00D2204D /* Helper */,
				57AF9EC1207F537000358D74 /* Fonts */,
				578FA5E9207E0925006F1624 /* AppDelegate.swift */,
				578FA5EB207E0925006F1624 /* SignInViewController.swift */,
				578FA5ED207E0925006F1624 /* Main.storyboard */,
				578FA5F0207E0927006F1624 /* Assets.xcassets */,
				578FA5F2207E0927006F1624 /* LaunchScreen.storyboard */,
				578FA5F5207E0927006F1624 /* Info.plist */,
				5758D4B7207F4E64008402E7 /* GoogleService-Info.plist */,
			);
			path = NinjaPoll;
			sourceTree = "<group>";
		};
		57AF9EC1207F537000358D74 /* Fonts */ = {
			isa = PBXGroup;
			children = (
				5765FC2C207F8EBA00D2204D /* Source_Sans_Pro */,
				57AF9EC2207F537900358D74 /* Amaranth */,
			);
			path = Fonts;
			sourceTree = "<group>";
		};
		57AF9EC2207F537900358D74 /* Amaranth */ = {
			isa = PBXGroup;
			children = (
				57AF9EC3207F537900358D74 /* Amaranth-BoldItalic.ttf */,
				57AF9EC4207F537900358D74 /* Amaranth-Bold.ttf */,
				57AF9EC5207F537900358D74 /* Amaranth-Italic.ttf */,
				57AF9EC6207F537900358D74 /* OFL.txt */,
				57AF9EC7207F537900358D74 /* Amaranth-Regular.ttf */,
			);
			path = Amaranth;
			sourceTree = "<group>";
		};
		78DE77E5C1F7E1FC2002AD15 /* Pods */ = {
			isa = PBXGroup;
			children = (
				C73AE2B1701BEE996516F3FE /* Pods-NinjaPoll.debug.xcconfig */,
				ED123F838423D5A4C5BE31E4 /* Pods-NinjaPoll.release.xcconfig */,
			);
			name = Pods;
			sourceTree = "<group>";
		};
/* End PBXGroup section */

/* Begin PBXNativeTarget section */
		578FA5E5207E0925006F1624 /* NinjaPoll */ = {
			isa = PBXNativeTarget;
			buildConfigurationList = 578FA5F8207E0927006F1624 /* Build configuration list for PBXNativeTarget "NinjaPoll" */;
			buildPhases = (
				3C45045A88ACC8E529BFECD6 /* [CP] Check Pods Manifest.lock */,
				578FA5E2207E0925006F1624 /* Sources */,
				578FA5E3207E0925006F1624 /* Frameworks */,
				578FA5E4207E0925006F1624 /* Resources */,
				B57DC3379ACA163DEFF23C5D /* [CP] Embed Pods Frameworks */,
				2FC7990A24C997379660FBF2 /* [CP] Copy Pods Resources */,
			);
			buildRules = (
			);
			dependencies = (
			);
			name = NinjaPoll;
			productName = NinjaPoll;
			productReference = 578FA5E6207E0925006F1624 /* NinjaPoll.app */;
			productType = "com.apple.product-type.application";
		};
/* End PBXNativeTarget section */

/* Begin PBXProject section */
		578FA5DE207E0925006F1624 /* Project object */ = {
			isa = PBXProject;
			attributes = {
				LastSwiftUpdateCheck = 0930;
				LastUpgradeCheck = 0930;
				ORGANIZATIONNAME = "Izzy Ali";
				TargetAttributes = {
					578FA5E5207E0925006F1624 = {
						CreatedOnToolsVersion = 9.3;
						SystemCapabilities = {
							com.apple.Push = {
								enabled = 1;
							};
						};
					};
				};
			};
			buildConfigurationList = 578FA5E1207E0925006F1624 /* Build configuration list for PBXProject "NinjaPoll" */;
			compatibilityVersion = "Xcode 9.3";
			developmentRegion = en;
			hasScannedForEncodings = 0;
			knownRegions = (
				en,
				Base,
			);
			mainGroup = 578FA5DD207E0925006F1624;
			productRefGroup = 578FA5E7207E0925006F1624 /* Products */;
			projectDirPath = "";
			projectRoot = "";
			targets = (
				578FA5E5207E0925006F1624 /* NinjaPoll */,
			);
		};
/* End PBXProject section */

/* Begin PBXResourcesBuildPhase section */
		578FA5E4207E0925006F1624 /* Resources */ = {
			isa = PBXResourcesBuildPhase;
			buildActionMask = 2147483647;
			files = (
				57AF9EC8207F537900358D74 /* Amaranth-BoldItalic.ttf in Resources */,
				5765FC3B207F8EBA00D2204D /* SourceSansPro-SemiBoldItalic.ttf in Resources */,
				57AF9ECC207F537900358D74 /* Amaranth-Regular.ttf in Resources */,
				5765FC3F207F8EBA00D2204D /* SourceSansPro-Light.ttf in Resources */,
				5765FC40207F8EBA00D2204D /* SourceSansPro-Black.ttf in Resources */,
				5765FC3A207F8EBA00D2204D /* SourceSansPro-BlackItalic.ttf in Resources */,
				57AF9ECA207F537900358D74 /* Amaranth-Italic.ttf in Resources */,
				5765FC45207F8EBA00D2204D /* SourceSansPro-ExtraLightItalic.ttf in Resources */,
				578FA5F4207E0927006F1624 /* LaunchScreen.storyboard in Resources */,
				5758D4B8207F4E64008402E7 /* GoogleService-Info.plist in Resources */,
				5765FC3E207F8EBA00D2204D /* SourceSansPro-LightItalic.ttf in Resources */,
				5765FC46207F8EBA00D2204D /* SourceSansPro-Italic.ttf in Resources */,
				57AF9EC9207F537900358D74 /* Amaranth-Bold.ttf in Resources */,
				5765FC42207F8EBA00D2204D /* SourceSansPro-ExtraLight.ttf in Resources */,
				5765FC3D207F8EBA00D2204D /* SourceSansPro-Bold.ttf in Resources */,
				578FA5F1207E0927006F1624 /* Assets.xcassets in Resources */,
				5765FC43207F8EBA00D2204D /* SourceSansPro-BoldItalic.ttf in Resources */,
				5765FC44207F8EBA00D2204D /* SourceSansPro-SemiBold.ttf in Resources */,
				578FA5EF207E0925006F1624 /* Main.storyboard in Resources */,
				5765FC3C207F8EBA00D2204D /* SourceSansPro-Regular.ttf in Resources */,
			);
			runOnlyForDeploymentPostprocessing = 0;
		};
/* End PBXResourcesBuildPhase section */

/* Begin PBXShellScriptBuildPhase section */
		2FC7990A24C997379660FBF2 /* [CP] Copy Pods Resources */ = {
			isa = PBXShellScriptBuildPhase;
			buildActionMask = 2147483647;
			files = (
			);
			inputPaths = (
			);
			name = "[CP] Copy Pods Resources";
			outputPaths = (
			);
			runOnlyForDeploymentPostprocessing = 0;
			shellPath = /bin/sh;
			shellScript = "\"${SRCROOT}/Pods/Target Support Files/Pods-NinjaPoll/Pods-NinjaPoll-resources.sh\"\n";
			showEnvVarsInLog = 0;
		};
		3C45045A88ACC8E529BFECD6 /* [CP] Check Pods Manifest.lock */ = {
			isa = PBXShellScriptBuildPhase;
			buildActionMask = 2147483647;
			files = (
			);
			inputPaths = (
				"${PODS_PODFILE_DIR_PATH}/Podfile.lock",
				"${PODS_ROOT}/Manifest.lock",
			);
			name = "[CP] Check Pods Manifest.lock";
			outputPaths = (
				"$(DERIVED_FILE_DIR)/Pods-NinjaPoll-checkManifestLockResult.txt",
			);
			runOnlyForDeploymentPostprocessing = 0;
			shellPath = /bin/sh;
			shellScript = "diff \"${PODS_PODFILE_DIR_PATH}/Podfile.lock\" \"${PODS_ROOT}/Manifest.lock\" > /dev/null\nif [ $? != 0 ] ; then\n    # print error to STDERR\n    echo \"error: The sandbox is not in sync with the Podfile.lock. Run 'pod install' or update your CocoaPods installation.\" >&2\n    exit 1\nfi\n# This output is used by Xcode 'outputs' to avoid re-running this script phase.\necho \"SUCCESS\" > \"${SCRIPT_OUTPUT_FILE_0}\"\n";
			showEnvVarsInLog = 0;
		};
		B57DC3379ACA163DEFF23C5D /* [CP] Embed Pods Frameworks */ = {
			isa = PBXShellScriptBuildPhase;
			buildActionMask = 2147483647;
			files = (
			);
			inputPaths = (
				"${SRCROOT}/Pods/Target Support Files/Pods-NinjaPoll/Pods-NinjaPoll-frameworks.sh",
				"${BUILT_PRODUCTS_DIR}/GTMSessionFetcher/GTMSessionFetcher.framework",
				"${BUILT_PRODUCTS_DIR}/GoogleToolboxForMac/GoogleToolboxForMac.framework",
				"${BUILT_PRODUCTS_DIR}/nanopb/nanopb.framework",
			);
			name = "[CP] Embed Pods Frameworks";
			outputPaths = (
				"${TARGET_BUILD_DIR}/${FRAMEWORKS_FOLDER_PATH}/GTMSessionFetcher.framework",
				"${TARGET_BUILD_DIR}/${FRAMEWORKS_FOLDER_PATH}/GoogleToolboxForMac.framework",
				"${TARGET_BUILD_DIR}/${FRAMEWORKS_FOLDER_PATH}/nanopb.framework",
			);
			runOnlyForDeploymentPostprocessing = 0;
			shellPath = /bin/sh;
			shellScript = "\"${SRCROOT}/Pods/Target Support Files/Pods-NinjaPoll/Pods-NinjaPoll-frameworks.sh\"\n";
			showEnvVarsInLog = 0;
		};
/* End PBXShellScriptBuildPhase section */

/* Begin PBXSourcesBuildPhase section */
		578FA5E2207E0925006F1624 /* Sources */ = {
			isa = PBXSourcesBuildPhase;
			buildActionMask = 2147483647;
			files = (
				578FA5EC207E0925006F1624 /* SignInViewController.swift in Sources */,
				575030C02080E0140091025B /* UITextField+Extensions.swift in Sources */,
				5765FC49207F90FE00D2204D /* ViewHelper.swift in Sources */,
				578FA5EA207E0925006F1624 /* AppDelegate.swift in Sources */,
			);
			runOnlyForDeploymentPostprocessing = 0;
		};
/* End PBXSourcesBuildPhase section */

/* Begin PBXVariantGroup section */
		578FA5ED207E0925006F1624 /* Main.storyboard */ = {
			isa = PBXVariantGroup;
			children = (
				578FA5EE207E0925006F1624 /* Base */,
			);
			name = Main.storyboard;
			sourceTree = "<group>";
		};
		578FA5F2207E0927006F1624 /* LaunchScreen.storyboard */ = {
			isa = PBXVariantGroup;
			children = (
				578FA5F3207E0927006F1624 /* Base */,
			);
			name = LaunchScreen.storyboard;
			sourceTree = "<group>";
		};
/* End PBXVariantGroup section */

/* Begin XCBuildConfiguration section */
		578FA5F6207E0927006F1624 /* Debug */ = {
			isa = XCBuildConfiguration;
			buildSettings = {
				ALWAYS_SEARCH_USER_PATHS = NO;
				CLANG_ANALYZER_NONNULL = YES;
				CLANG_ANALYZER_NUMBER_OBJECT_CONVERSION = YES_AGGRESSIVE;
				CLANG_CXX_LANGUAGE_STANDARD = "gnu++14";
				CLANG_CXX_LIBRARY = "libc++";
				CLANG_ENABLE_MODULES = YES;
				CLANG_ENABLE_OBJC_ARC = YES;
				CLANG_ENABLE_OBJC_WEAK = YES;
				CLANG_WARN_BLOCK_CAPTURE_AUTORELEASING = YES;
				CLANG_WARN_BOOL_CONVERSION = YES;
				CLANG_WARN_COMMA = YES;
				CLANG_WARN_CONSTANT_CONVERSION = YES;
				CLANG_WARN_DEPRECATED_OBJC_IMPLEMENTATIONS = YES;
				CLANG_WARN_DIRECT_OBJC_ISA_USAGE = YES_ERROR;
				CLANG_WARN_DOCUMENTATION_COMMENTS = YES;
				CLANG_WARN_EMPTY_BODY = YES;
				CLANG_WARN_ENUM_CONVERSION = YES;
				CLANG_WARN_INFINITE_RECURSION = YES;
				CLANG_WARN_INT_CONVERSION = YES;
				CLANG_WARN_NON_LITERAL_NULL_CONVERSION = YES;
				CLANG_WARN_OBJC_IMPLICIT_RETAIN_SELF = YES;
				CLANG_WARN_OBJC_LITERAL_CONVERSION = YES;
				CLANG_WARN_OBJC_ROOT_CLASS = YES_ERROR;
				CLANG_WARN_RANGE_LOOP_ANALYSIS = YES;
				CLANG_WARN_STRICT_PROTOTYPES = YES;
				CLANG_WARN_SUSPICIOUS_MOVE = YES;
				CLANG_WARN_UNGUARDED_AVAILABILITY = YES_AGGRESSIVE;
				CLANG_WARN_UNREACHABLE_CODE = YES;
				CLANG_WARN__DUPLICATE_METHOD_MATCH = YES;
				CODE_SIGN_IDENTITY = "iPhone Developer";
				COPY_PHASE_STRIP = NO;
				DEBUG_INFORMATION_FORMAT = dwarf;
				ENABLE_STRICT_OBJC_MSGSEND = YES;
				ENABLE_TESTABILITY = YES;
				GCC_C_LANGUAGE_STANDARD = gnu11;
				GCC_DYNAMIC_NO_PIC = NO;
				GCC_NO_COMMON_BLOCKS = YES;
				GCC_OPTIMIZATION_LEVEL = 0;
				GCC_PREPROCESSOR_DEFINITIONS = (
					"DEBUG=1",
					"$(inherited)",
				);
				GCC_WARN_64_TO_32_BIT_CONVERSION = YES;
				GCC_WARN_ABOUT_RETURN_TYPE = YES_ERROR;
				GCC_WARN_UNDECLARED_SELECTOR = YES;
				GCC_WARN_UNINITIALIZED_AUTOS = YES_AGGRESSIVE;
				GCC_WARN_UNUSED_FUNCTION = YES;
				GCC_WARN_UNUSED_VARIABLE = YES;
				IPHONEOS_DEPLOYMENT_TARGET = 11.3;
				MTL_ENABLE_DEBUG_INFO = YES;
				ONLY_ACTIVE_ARCH = YES;
				SDKROOT = iphoneos;
				SWIFT_ACTIVE_COMPILATION_CONDITIONS = DEBUG;
				SWIFT_OPTIMIZATION_LEVEL = "-Onone";
			};
			name = Debug;
		};
		578FA5F7207E0927006F1624 /* Release */ = {
			isa = XCBuildConfiguration;
			buildSettings = {
				ALWAYS_SEARCH_USER_PATHS = NO;
				CLANG_ANALYZER_NONNULL = YES;
				CLANG_ANALYZER_NUMBER_OBJECT_CONVERSION = YES_AGGRESSIVE;
				CLANG_CXX_LANGUAGE_STANDARD = "gnu++14";
				CLANG_CXX_LIBRARY = "libc++";
				CLANG_ENABLE_MODULES = YES;
				CLANG_ENABLE_OBJC_ARC = YES;
				CLANG_ENABLE_OBJC_WEAK = YES;
				CLANG_WARN_BLOCK_CAPTURE_AUTORELEASING = YES;
				CLANG_WARN_BOOL_CONVERSION = YES;
				CLANG_WARN_COMMA = YES;
				CLANG_WARN_CONSTANT_CONVERSION = YES;
				CLANG_WARN_DEPRECATED_OBJC_IMPLEMENTATIONS = YES;
				CLANG_WARN_DIRECT_OBJC_ISA_USAGE = YES_ERROR;
				CLANG_WARN_DOCUMENTATION_COMMENTS = YES;
				CLANG_WARN_EMPTY_BODY = YES;
				CLANG_WARN_ENUM_CONVERSION = YES;
				CLANG_WARN_INFINITE_RECURSION = YES;
				CLANG_WARN_INT_CONVERSION = YES;
				CLANG_WARN_NON_LITERAL_NULL_CONVERSION = YES;
				CLANG_WARN_OBJC_IMPLICIT_RETAIN_SELF = YES;
				CLANG_WARN_OBJC_LITERAL_CONVERSION = YES;
				CLANG_WARN_OBJC_ROOT_CLASS = YES_ERROR;
				CLANG_WARN_RANGE_LOOP_ANALYSIS = YES;
				CLANG_WARN_STRICT_PROTOTYPES = YES;
				CLANG_WARN_SUSPICIOUS_MOVE = YES;
				CLANG_WARN_UNGUARDED_AVAILABILITY = YES_AGGRESSIVE;
				CLANG_WARN_UNREACHABLE_CODE = YES;
				CLANG_WARN__DUPLICATE_METHOD_MATCH = YES;
				CODE_SIGN_IDENTITY = "iPhone Developer";
				COPY_PHASE_STRIP = NO;
				DEBUG_INFORMATION_FORMAT = "dwarf-with-dsym";
				ENABLE_NS_ASSERTIONS = NO;
				ENABLE_STRICT_OBJC_MSGSEND = YES;
				GCC_C_LANGUAGE_STANDARD = gnu11;
				GCC_NO_COMMON_BLOCKS = YES;
				GCC_WARN_64_TO_32_BIT_CONVERSION = YES;
				GCC_WARN_ABOUT_RETURN_TYPE = YES_ERROR;
				GCC_WARN_UNDECLARED_SELECTOR = YES;
				GCC_WARN_UNINITIALIZED_AUTOS = YES_AGGRESSIVE;
				GCC_WARN_UNUSED_FUNCTION = YES;
				GCC_WARN_UNUSED_VARIABLE = YES;
				IPHONEOS_DEPLOYMENT_TARGET = 11.3;
				MTL_ENABLE_DEBUG_INFO = NO;
				SDKROOT = iphoneos;
				SWIFT_COMPILATION_MODE = wholemodule;
				SWIFT_OPTIMIZATION_LEVEL = "-O";
				VALIDATE_PRODUCT = YES;
			};
			name = Release;
		};
		578FA5F9207E0927006F1624 /* Debug */ = {
			isa = XCBuildConfiguration;
			baseConfigurationReference = C73AE2B1701BEE996516F3FE /* Pods-NinjaPoll.debug.xcconfig */;
			buildSettings = {
				ASSETCATALOG_COMPILER_APPICON_NAME = AppIcon;
				CODE_SIGN_ENTITLEMENTS = NinjaPoll/NinjaPoll.entitlements;
				CODE_SIGN_STYLE = Automatic;
				DEVELOPMENT_TEAM = VZ2738TJ98;
				INFOPLIST_FILE = NinjaPoll/Info.plist;
				IPHONEOS_DEPLOYMENT_TARGET = 11.0;
				LD_RUNPATH_SEARCH_PATHS = (
					"$(inherited)",
					"@executable_path/Frameworks",
				);
				PRODUCT_BUNDLE_IDENTIFIER = uk.co.izzyali.NinjaPoll;
				PRODUCT_NAME = "$(TARGET_NAME)";
				SWIFT_VERSION = 4.0;
				TARGETED_DEVICE_FAMILY = 1;
			};
			name = Debug;
		};
		578FA5FA207E0927006F1624 /* Release */ = {
			isa = XCBuildConfiguration;
			baseConfigurationReference = ED123F838423D5A4C5BE31E4 /* Pods-NinjaPoll.release.xcconfig */;
			buildSettings = {
				ASSETCATALOG_COMPILER_APPICON_NAME = AppIcon;
				CODE_SIGN_ENTITLEMENTS = NinjaPoll/NinjaPoll.entitlements;
				CODE_SIGN_STYLE = Automatic;
				DEVELOPMENT_TEAM = VZ2738TJ98;
				INFOPLIST_FILE = NinjaPoll/Info.plist;
				IPHONEOS_DEPLOYMENT_TARGET = 11.0;
				LD_RUNPATH_SEARCH_PATHS = (
					"$(inherited)",
					"@executable_path/Frameworks",
				);
				PRODUCT_BUNDLE_IDENTIFIER = uk.co.izzyali.NinjaPoll;
				PRODUCT_NAME = "$(TARGET_NAME)";
				SWIFT_VERSION = 4.0;
				TARGETED_DEVICE_FAMILY = 1;
			};
			name = Release;
		};
/* End XCBuildConfiguration section */

/* Begin XCConfigurationList section */
		578FA5E1207E0925006F1624 /* Build configuration list for PBXProject "NinjaPoll" */ = {
			isa = XCConfigurationList;
			buildConfigurations = (
				578FA5F6207E0927006F1624 /* Debug */,
				578FA5F7207E0927006F1624 /* Release */,
			);
			defaultConfigurationIsVisible = 0;
			defaultConfigurationName = Release;
		};
		578FA5F8207E0927006F1624 /* Build configuration list for PBXNativeTarget "NinjaPoll" */ = {
			isa = XCConfigurationList;
			buildConfigurations = (
				578FA5F9207E0927006F1624 /* Debug */,
				578FA5FA207E0927006F1624 /* Release */,
			);
			defaultConfigurationIsVisible = 0;
			defaultConfigurationName = Release;
		};
/* End XCConfigurationList section */
	};
	rootObject = 578FA5DE207E0925006F1624 /* Project object */;
}
